
Microsoft Visual Studio Solution File, Format Version 12.00
# Visual Studio 14
VisualStudioVersion = 14.0.23107.0
MinimumVisualStudioVersion = 10.0.40219.1
Project("{FAE04EC0-301F-11D3-BF4B-00C04F79EFBC}") = "PFCrafting.iOS", "PFCrafting\PFCrafting.iOS\PFCrafting.iOS.csproj", "{19280449-8AD7-4755-92B7-0F68B4650FCF}"
EndProject
Project("{FAE04EC0-301F-11D3-BF4B-00C04F79EFBC}") = "PFCrafting.WinPhone", "PFCrafting\PFCrafting.WinPhone\PFCrafting.WinPhone.csproj", "{41C5DAE1-7AB7-4F57-A9C6-D5E78790043A}"
EndProject
Project("{FAE04EC0-301F-11D3-BF4B-00C04F79EFBC}") = "PFCrafting", "PFCrafting\PFCrafting\PFCrafting.csproj", "{7A365D56-17E7-44B3-A849-56BCD3963386}"
EndProject
Project("{FAE04EC0-301F-11D3-BF4B-00C04F79EFBC}") = "PFCrafting.Core.XmlData", "PFCrafting.Core.XmlData\PFCrafting.Core.XmlData.csproj", "{38F33400-47A5-4B20-A5D2-C5D9FA50DB3F}"
EndProject
Project("{FAE04EC0-301F-11D3-BF4B-00C04F79EFBC}") = "Droid", "Droid\Droid.csproj", "{24F46BEC-8110-41F8-ACF9-24CA246CC5D9}"
EndProject
Global
	GlobalSection(SolutionConfigurationPlatforms) = preSolution
		Ad-Hoc|Any CPU = Ad-Hoc|Any CPU
		Ad-Hoc|ARM = Ad-Hoc|ARM
		Ad-Hoc|iPhone = Ad-Hoc|iPhone
		Ad-Hoc|iPhoneSimulator = Ad-Hoc|iPhoneSimulator
		Ad-Hoc|x86 = Ad-Hoc|x86
		AppStore|Any CPU = AppStore|Any CPU
		AppStore|ARM = AppStore|ARM
		AppStore|iPhone = AppStore|iPhone
		AppStore|iPhoneSimulator = AppStore|iPhoneSimulator
		AppStore|x86 = AppStore|x86
		Debug|Any CPU = Debug|Any CPU
		Debug|ARM = Debug|ARM
		Debug|iPhone = Debug|iPhone
		Debug|iPhoneSimulator = Debug|iPhoneSimulator
		Debug|x86 = Debug|x86
		Release|Any CPU = Release|Any CPU
		Release|ARM = Release|ARM
		Release|iPhone = Release|iPhone
		Release|iPhoneSimulator = Release|iPhoneSimulator
		Release|x86 = Release|x86
	EndGlobalSection
	GlobalSection(ProjectConfigurationPlatforms) = postSolution
		{19280449-8AD7-4755-92B7-0F68B4650FCF}.Ad-Hoc|Any CPU.ActiveCfg = Ad-Hoc|iPhone
		{19280449-8AD7-4755-92B7-0F68B4650FCF}.Ad-Hoc|ARM.ActiveCfg = Ad-Hoc|iPhone
		{19280449-8AD7-4755-92B7-0F68B4650FCF}.Ad-Hoc|iPhone.ActiveCfg = Ad-Hoc|iPhone
		{19280449-8AD7-4755-92B7-0F68B4650FCF}.Ad-Hoc|iPhone.Build.0 = Ad-Hoc|iPhone
		{19280449-8AD7-4755-92B7-0F68B4650FCF}.Ad-Hoc|iPhoneSimulator.ActiveCfg = Ad-Hoc|iPhoneSimulator
		{19280449-8AD7-4755-92B7-0F68B4650FCF}.Ad-Hoc|iPhoneSimulator.Build.0 = Ad-Hoc|iPhoneSimulator
		{19280449-8AD7-4755-92B7-0F68B4650FCF}.Ad-Hoc|x86.ActiveCfg = Ad-Hoc|iPhone
		{19280449-8AD7-4755-92B7-0F68B4650FCF}.AppStore|Any CPU.ActiveCfg = AppStore|iPhone
		{19280449-8AD7-4755-92B7-0F68B4650FCF}.AppStore|ARM.ActiveCfg = AppStore|iPhone
		{19280449-8AD7-4755-92B7-0F68B4650FCF}.AppStore|iPhone.ActiveCfg = AppStore|iPhone
		{19280449-8AD7-4755-92B7-0F68B4650FCF}.AppStore|iPhone.Build.0 = AppStore|iPhone
		{19280449-8AD7-4755-92B7-0F68B4650FCF}.AppStore|iPhoneSimulator.ActiveCfg = AppStore|iPhoneSimulator
		{19280449-8AD7-4755-92B7-0F68B4650FCF}.AppStore|iPhoneSimulator.Build.0 = AppStore|iPhoneSimulator
		{19280449-8AD7-4755-92B7-0F68B4650FCF}.AppStore|x86.ActiveCfg = AppStore|iPhone
		{19280449-8AD7-4755-92B7-0F68B4650FCF}.Debug|Any CPU.ActiveCfg = Debug|iPhone
		{19280449-8AD7-4755-92B7-0F68B4650FCF}.Debug|ARM.ActiveCfg = Debug|iPhone
		{19280449-8AD7-4755-92B7-0F68B4650FCF}.Debug|iPhone.ActiveCfg = Debug|iPhone
		{19280449-8AD7-4755-92B7-0F68B4650FCF}.Debug|iPhone.Build.0 = Debug|iPhone
		{19280449-8AD7-4755-92B7-0F68B4650FCF}.Debug|iPhoneSimulator.ActiveCfg = Debug|iPhoneSimulator
		{19280449-8AD7-4755-92B7-0F68B4650FCF}.Debug|iPhoneSimulator.Build.0 = Debug|iPhoneSimulator
		{19280449-8AD7-4755-92B7-0F68B4650FCF}.Debug|x86.ActiveCfg = Debug|iPhone
		{19280449-8AD7-4755-92B7-0F68B4650FCF}.Release|Any CPU.ActiveCfg = Release|iPhone
		{19280449-8AD7-4755-92B7-0F68B4650FCF}.Release|ARM.ActiveCfg = Release|iPhone
		{19280449-8AD7-4755-92B7-0F68B4650FCF}.Release|iPhone.ActiveCfg = Release|iPhone
		{19280449-8AD7-4755-92B7-0F68B4650FCF}.Release|iPhone.Build.0 = Release|iPhone
		{19280449-8AD7-4755-92B7-0F68B4650FCF}.Release|iPhoneSimulator.ActiveCfg = Release|iPhoneSimulator
		{19280449-8AD7-4755-92B7-0F68B4650FCF}.Release|iPhoneSimulator.Build.0 = Release|iPhoneSimulator
		{19280449-8AD7-4755-92B7-0F68B4650FCF}.Release|x86.ActiveCfg = Release|iPhone
		{41C5DAE1-7AB7-4F57-A9C6-D5E78790043A}.Ad-Hoc|Any CPU.ActiveCfg = Release|Any CPU
		{41C5DAE1-7AB7-4F57-A9C6-D5E78790043A}.Ad-Hoc|Any CPU.Build.0 = Release|Any CPU
		{41C5DAE1-7AB7-4F57-A9C6-D5E78790043A}.Ad-Hoc|Any CPU.Deploy.0 = Release|Any CPU
		{41C5DAE1-7AB7-4F57-A9C6-D5E78790043A}.Ad-Hoc|ARM.ActiveCfg = Release|ARM
		{41C5DAE1-7AB7-4F57-A9C6-D5E78790043A}.Ad-Hoc|ARM.Build.0 = Release|ARM
		{41C5DAE1-7AB7-4F57-A9C6-D5E78790043A}.Ad-Hoc|ARM.Deploy.0 = Release|ARM
		{41C5DAE1-7AB7-4F57-A9C6-D5E78790043A}.Ad-Hoc|iPhone.ActiveCfg = Release|Any CPU
		{41C5DAE1-7AB7-4F57-A9C6-D5E78790043A}.Ad-Hoc|iPhone.Build.0 = Release|Any CPU
		{41C5DAE1-7AB7-4F57-A9C6-D5E78790043A}.Ad-Hoc|iPhone.Deploy.0 = Release|Any CPU
		{41C5DAE1-7AB7-4F57-A9C6-D5E78790043A}.Ad-Hoc|iPhoneSimulator.ActiveCfg = Release|Any CPU
		{41C5DAE1-7AB7-4F57-A9C6-D5E78790043A}.Ad-Hoc|iPhoneSimulator.Build.0 = Release|Any CPU
		{41C5DAE1-7AB7-4F57-A9C6-D5E78790043A}.Ad-Hoc|iPhoneSimulator.Deploy.0 = Release|Any CPU
		{41C5DAE1-7AB7-4F57-A9C6-D5E78790043A}.Ad-Hoc|x86.ActiveCfg = Release|x86
		{41C5DAE1-7AB7-4F57-A9C6-D5E78790043A}.Ad-Hoc|x86.Build.0 = Release|x86
		{41C5DAE1-7AB7-4F57-A9C6-D5E78790043A}.Ad-Hoc|x86.Deploy.0 = Release|x86
		{41C5DAE1-7AB7-4F57-A9C6-D5E78790043A}.AppStore|Any CPU.ActiveCfg = Release|Any CPU
		{41C5DAE1-7AB7-4F57-A9C6-D5E78790043A}.AppStore|Any CPU.Build.0 = Release|Any CPU
		{41C5DAE1-7AB7-4F57-A9C6-D5E78790043A}.AppStore|Any CPU.Deploy.0 = Release|Any CPU
		{41C5DAE1-7AB7-4F57-A9C6-D5E78790043A}.AppStore|ARM.ActiveCfg = Release|ARM
		{41C5DAE1-7AB7-4F57-A9C6-D5E78790043A}.AppStore|ARM.Build.0 = Release|ARM
		{41C5DAE1-7AB7-4F57-A9C6-D5E78790043A}.AppStore|ARM.Deploy.0 = Release|ARM
		{41C5DAE1-7AB7-4F57-A9C6-D5E78790043A}.AppStore|iPhone.ActiveCfg = Release|Any CPU
		{41C5DAE1-7AB7-4F57-A9C6-D5E78790043A}.AppStore|iPhone.Build.0 = Release|Any CPU
		{41C5DAE1-7AB7-4F57-A9C6-D5E78790043A}.AppStore|iPhone.Deploy.0 = Release|Any CPU
		{41C5DAE1-7AB7-4F57-A9C6-D5E78790043A}.AppStore|iPhoneSimulator.ActiveCfg = Release|Any CPU
		{41C5DAE1-7AB7-4F57-A9C6-D5E78790043A}.AppStore|iPhoneSimulator.Build.0 = Release|Any CPU
		{41C5DAE1-7AB7-4F57-A9C6-D5E78790043A}.AppStore|iPhoneSimulator.Deploy.0 = Release|Any CPU
		{41C5DAE1-7AB7-4F57-A9C6-D5E78790043A}.AppStore|x86.ActiveCfg = Release|x86
		{41C5DAE1-7AB7-4F57-A9C6-D5E78790043A}.AppStore|x86.Build.0 = Release|x86
		{41C5DAE1-7AB7-4F57-A9C6-D5E78790043A}.AppStore|x86.Deploy.0 = Release|x86
		{41C5DAE1-7AB7-4F57-A9C6-D5E78790043A}.Debug|Any CPU.ActiveCfg = Debug|Any CPU
		{41C5DAE1-7AB7-4F57-A9C6-D5E78790043A}.Debug|Any CPU.Build.0 = Debug|Any CPU
		{41C5DAE1-7AB7-4F57-A9C6-D5E78790043A}.Debug|Any CPU.Deploy.0 = Debug|Any CPU
		{41C5DAE1-7AB7-4F57-A9C6-D5E78790043A}.Debug|ARM.ActiveCfg = Debug|ARM
		{41C5DAE1-7AB7-4F57-A9C6-D5E78790043A}.Debug|ARM.Build.0 = Debug|ARM
		{41C5DAE1-7AB7-4F57-A9C6-D5E78790043A}.Debug|ARM.Deploy.0 = Debug|ARM
		{41C5DAE1-7AB7-4F57-A9C6-D5E78790043A}.Debug|iPhone.ActiveCfg = Debug|Any CPU
		{41C5DAE1-7AB7-4F57-A9C6-D5E78790043A}.Debug|iPhone.Build.0 = Debug|Any CPU
		{41C5DAE1-7AB7-4F57-A9C6-D5E78790043A}.Debug|iPhone.Deploy.0 = Debug|Any CPU
		{41C5DAE1-7AB7-4F57-A9C6-D5E78790043A}.Debug|iPhoneSimulator.ActiveCfg = Debug|Any CPU
		{41C5DAE1-7AB7-4F57-A9C6-D5E78790043A}.Debug|iPhoneSimulator.Build.0 = Debug|Any CPU
		{41C5DAE1-7AB7-4F57-A9C6-D5E78790043A}.Debug|iPhoneSimulator.Deploy.0 = Debug|Any CPU
		{41C5DAE1-7AB7-4F57-A9C6-D5E78790043A}.Debug|x86.ActiveCfg = Debug|x86
		{41C5DAE1-7AB7-4F57-A9C6-D5E78790043A}.Debug|x86.Build.0 = Debug|x86
		{41C5DAE1-7AB7-4F57-A9C6-D5E78790043A}.Debug|x86.Deploy.0 = Debug|x86
		{41C5DAE1-7AB7-4F57-A9C6-D5E78790043A}.Release|Any CPU.ActiveCfg = Release|Any CPU
		{41C5DAE1-7AB7-4F57-A9C6-D5E78790043A}.Release|Any CPU.Build.0 = Release|Any CPU
		{41C5DAE1-7AB7-4F57-A9C6-D5E78790043A}.Release|Any CPU.Deploy.0 = Release|Any CPU
		{41C5DAE1-7AB7-4F57-A9C6-D5E78790043A}.Release|ARM.ActiveCfg = Release|ARM
		{41C5DAE1-7AB7-4F57-A9C6-D5E78790043A}.Release|ARM.Build.0 = Release|ARM
		{41C5DAE1-7AB7-4F57-A9C6-D5E78790043A}.Release|ARM.Deploy.0 = Release|ARM
		{41C5DAE1-7AB7-4F57-A9C6-D5E78790043A}.Release|iPhone.ActiveCfg = Release|Any CPU
		{41C5DAE1-7AB7-4F57-A9C6-D5E78790043A}.Release|iPhone.Build.0 = Release|Any CPU
		{41C5DAE1-7AB7-4F57-A9C6-D5E78790043A}.Release|iPhone.Deploy.0 = Release|Any CPU
		{41C5DAE1-7AB7-4F57-A9C6-D5E78790043A}.Release|iPhoneSimulator.ActiveCfg = Release|Any CPU
		{41C5DAE1-7AB7-4F57-A9C6-D5E78790043A}.Release|iPhoneSimulator.Build.0 = Release|Any CPU
		{41C5DAE1-7AB7-4F57-A9C6-D5E78790043A}.Release|iPhoneSimulator.Deploy.0 = Release|Any CPU
		{41C5DAE1-7AB7-4F57-A9C6-D5E78790043A}.Release|x86.ActiveCfg = Release|x86
		{41C5DAE1-7AB7-4F57-A9C6-D5E78790043A}.Release|x86.Build.0 = Release|x86
		{41C5DAE1-7AB7-4F57-A9C6-D5E78790043A}.Release|x86.Deploy.0 = Release|x86
		{7A365D56-17E7-44B3-A849-56BCD3963386}.Ad-Hoc|Any CPU.ActiveCfg = Release|Any CPU
		{7A365D56-17E7-44B3-A849-56BCD3963386}.Ad-Hoc|Any CPU.Build.0 = Release|Any CPU
		{7A365D56-17E7-44B3-A849-56BCD3963386}.Ad-Hoc|ARM.ActiveCfg = Release|Any CPU
		{7A365D56-17E7-44B3-A849-56BCD3963386}.Ad-Hoc|ARM.Build.0 = Release|Any CPU
		{7A365D56-17E7-44B3-A849-56BCD3963386}.Ad-Hoc|iPhone.ActiveCfg = Release|Any CPU
		{7A365D56-17E7-44B3-A849-56BCD3963386}.Ad-Hoc|iPhone.Build.0 = Release|Any CPU
		{7A365D56-17E7-44B3-A849-56BCD3963386}.Ad-Hoc|iPhoneSimulator.ActiveCfg = Release|Any CPU
		{7A365D56-17E7-44B3-A849-56BCD3963386}.Ad-Hoc|iPhoneSimulator.Build.0 = Release|Any CPU
		{7A365D56-17E7-44B3-A849-56BCD3963386}.Ad-Hoc|x86.ActiveCfg = Release|Any CPU
		{7A365D56-17E7-44B3-A849-56BCD3963386}.Ad-Hoc|x86.Build.0 = Release|Any CPU
		{7A365D56-17E7-44B3-A849-56BCD3963386}.AppStore|Any CPU.ActiveCfg = Release|Any CPU
		{7A365D56-17E7-44B3-A849-56BCD3963386}.AppStore|Any CPU.Build.0 = Release|Any CPU
		{7A365D56-17E7-44B3-A849-56BCD3963386}.AppStore|ARM.ActiveCfg = Release|Any CPU
		{7A365D56-17E7-44B3-A849-56BCD3963386}.AppStore|ARM.Build.0 = Release|Any CPU
		{7A365D56-17E7-44B3-A849-56BCD3963386}.AppStore|iPhone.ActiveCfg = Release|Any CPU
		{7A365D56-17E7-44B3-A849-56BCD3963386}.AppStore|iPhone.Build.0 = Release|Any CPU
		{7A365D56-17E7-44B3-A849-56BCD3963386}.AppStore|iPhoneSimulator.ActiveCfg = Release|Any CPU
		{7A365D56-17E7-44B3-A849-56BCD3963386}.AppStore|iPhoneSimulator.Build.0 = Release|Any CPU
		{7A365D56-17E7-44B3-A849-56BCD3963386}.AppStore|x86.ActiveCfg = Release|Any CPU
		{7A365D56-17E7-44B3-A849-56BCD3963386}.AppStore|x86.Build.0 = Release|Any CPU
		{7A365D56-17E7-44B3-A849-56BCD3963386}.Debug|Any CPU.ActiveCfg = Debug|Any CPU
		{7A365D56-17E7-44B3-A849-56BCD3963386}.Debug|Any CPU.Build.0 = Debug|Any CPU
		{7A365D56-17E7-44B3-A849-56BCD3963386}.Debug|ARM.ActiveCfg = Debug|Any CPU
		{7A365D56-17E7-44B3-A849-56BCD3963386}.Debug|ARM.Build.0 = Debug|Any CPU
		{7A365D56-17E7-44B3-A849-56BCD3963386}.Debug|iPhone.ActiveCfg = Debug|Any CPU
		{7A365D56-17E7-44B3-A849-56BCD3963386}.Debug|iPhone.Build.0 = Debug|Any CPU
		{7A365D56-17E7-44B3-A849-56BCD3963386}.Debug|iPhoneSimulator.ActiveCfg = Debug|Any CPU
		{7A365D56-17E7-44B3-A849-56BCD3963386}.Debug|iPhoneSimulator.Build.0 = Debug|Any CPU
		{7A365D56-17E7-44B3-A849-56BCD3963386}.Debug|x86.ActiveCfg = Debug|Any CPU
		{7A365D56-17E7-44B3-A849-56BCD3963386}.Debug|x86.Build.0 = Debug|Any CPU
		{7A365D56-17E7-44B3-A849-56BCD3963386}.Release|Any CPU.ActiveCfg = Release|Any CPU
		{7A365D56-17E7-44B3-A849-56BCD3963386}.Release|Any CPU.Build.0 = Release|Any CPU
		{7A365D56-17E7-44B3-A849-56BCD3963386}.Release|ARM.ActiveCfg = Release|Any CPU
		{7A365D56-17E7-44B3-A849-56BCD3963386}.Release|ARM.Build.0 = Release|Any CPU
		{7A365D56-17E7-44B3-A849-56BCD3963386}.Release|iPhone.ActiveCfg = Release|Any CPU
		{7A365D56-17E7-44B3-A849-56BCD3963386}.Release|iPhone.Build.0 = Release|Any CPU
		{7A365D56-17E7-44B3-A849-56BCD3963386}.Release|iPhoneSimulator.ActiveCfg = Release|Any CPU
		{7A365D56-17E7-44B3-A849-56BCD3963386}.Release|iPhoneSimulator.Build.0 = Release|Any CPU
		{7A365D56-17E7-44B3-A849-56BCD3963386}.Release|x86.ActiveCfg = Release|Any CPU
		{7A365D56-17E7-44B3-A849-56BCD3963386}.Release|x86.Build.0 = Release|Any CPU
		{38F33400-47A5-4B20-A5D2-C5D9FA50DB3F}.Ad-Hoc|Any CPU.ActiveCfg = Release|Any CPU
		{38F33400-47A5-4B20-A5D2-C5D9FA50DB3F}.Ad-Hoc|Any CPU.Build.0 = Release|Any CPU
		{38F33400-47A5-4B20-A5D2-C5D9FA50DB3F}.Ad-Hoc|ARM.ActiveCfg = Release|Any CPU
		{38F33400-47A5-4B20-A5D2-C5D9FA50DB3F}.Ad-Hoc|ARM.Build.0 = Release|Any CPU
		{38F33400-47A5-4B20-A5D2-C5D9FA50DB3F}.Ad-Hoc|iPhone.ActiveCfg = Release|Any CPU
		{38F33400-47A5-4B20-A5D2-C5D9FA50DB3F}.Ad-Hoc|iPhone.Build.0 = Release|Any CPU
		{38F33400-47A5-4B20-A5D2-C5D9FA50DB3F}.Ad-Hoc|iPhoneSimulator.ActiveCfg = Release|Any CPU
		{38F33400-47A5-4B20-A5D2-C5D9FA50DB3F}.Ad-Hoc|iPhoneSimulator.Build.0 = Release|Any CPU
		{38F33400-47A5-4B20-A5D2-C5D9FA50DB3F}.Ad-Hoc|x86.ActiveCfg = Release|Any CPU
		{38F33400-47A5-4B20-A5D2-C5D9FA50DB3F}.Ad-Hoc|x86.Build.0 = Release|Any CPU
		{38F33400-47A5-4B20-A5D2-C5D9FA50DB3F}.AppStore|Any CPU.ActiveCfg = Release|Any CPU
		{38F33400-47A5-4B20-A5D2-C5D9FA50DB3F}.AppStore|Any CPU.Build.0 = Release|Any CPU
		{38F33400-47A5-4B20-A5D2-C5D9FA50DB3F}.AppStore|ARM.ActiveCfg = Release|Any CPU
		{38F33400-47A5-4B20-A5D2-C5D9FA50DB3F}.AppStore|ARM.Build.0 = Release|Any CPU
		{38F33400-47A5-4B20-A5D2-C5D9FA50DB3F}.AppStore|iPhone.ActiveCfg = Release|Any CPU
		{38F33400-47A5-4B20-A5D2-C5D9FA50DB3F}.AppStore|iPhone.Build.0 = Release|Any CPU
		{38F33400-47A5-4B20-A5D2-C5D9FA50DB3F}.AppStore|iPhoneSimulator.ActiveCfg = Release|Any CPU
		{38F33400-47A5-4B20-A5D2-C5D9FA50DB3F}.AppStore|iPhoneSimulator.Build.0 = Release|Any CPU
		{38F33400-47A5-4B20-A5D2-C5D9FA50DB3F}.AppStore|x86.ActiveCfg = Release|Any CPU
		{38F33400-47A5-4B20-A5D2-C5D9FA50DB3F}.AppStore|x86.Build.0 = Release|Any CPU
		{38F33400-47A5-4B20-A5D2-C5D9FA50DB3F}.Debug|Any CPU.ActiveCfg = Debug|Any CPU
		{38F33400-47A5-4B20-A5D2-C5D9FA50DB3F}.Debug|Any CPU.Build.0 = Debug|Any CPU
		{38F33400-47A5-4B20-A5D2-C5D9FA50DB3F}.Debug|ARM.ActiveCfg = Debug|Any CPU
		{38F33400-47A5-4B20-A5D2-C5D9FA50DB3F}.Debug|ARM.Build.0 = Debug|Any CPU
		{38F33400-47A5-4B20-A5D2-C5D9FA50DB3F}.Debug|iPhone.ActiveCfg = Debug|Any CPU
		{38F33400-47A5-4B20-A5D2-C5D9FA50DB3F}.Debug|iPhone.Build.0 = Debug|Any CPU
		{38F33400-47A5-4B20-A5D2-C5D9FA50DB3F}.Debug|iPhoneSimulator.ActiveCfg = Debug|Any CPU
		{38F33400-47A5-4B20-A5D2-C5D9FA50DB3F}.Debug|iPhoneSimulator.Build.0 = Debug|Any CPU
		{38F33400-47A5-4B20-A5D2-C5D9FA50DB3F}.Debug|x86.ActiveCfg = Debug|Any CPU
		{38F33400-47A5-4B20-A5D2-C5D9FA50DB3F}.Debug|x86.Build.0 = Debug|Any CPU
		{38F33400-47A5-4B20-A5D2-C5D9FA50DB3F}.Release|Any CPU.ActiveCfg = Release|Any CPU
		{38F33400-47A5-4B20-A5D2-C5D9FA50DB3F}.Release|Any CPU.Build.0 = Release|Any CPU
		{38F33400-47A5-4B20-A5D2-C5D9FA50DB3F}.Release|ARM.ActiveCfg = Release|Any CPU
		{38F33400-47A5-4B20-A5D2-C5D9FA50DB3F}.Release|ARM.Build.0 = Release|Any CPU
		{38F33400-47A5-4B20-A5D2-C5D9FA50DB3F}.Release|iPhone.ActiveCfg = Release|Any CPU
		{38F33400-47A5-4B20-A5D2-C5D9FA50DB3F}.Release|iPhone.Build.0 = Release|Any CPU
		{38F33400-47A5-4B20-A5D2-C5D9FA50DB3F}.Release|iPhoneSimulator.ActiveCfg = Release|Any CPU
		{38F33400-47A5-4B20-A5D2-C5D9FA50DB3F}.Release|iPhoneSimulator.Build.0 = Release|Any CPU
		{38F33400-47A5-4B20-A5D2-C5D9FA50DB3F}.Release|x86.ActiveCfg = Release|Any CPU
		{38F33400-47A5-4B20-A5D2-C5D9FA50DB3F}.Release|x86.Build.0 = Release|Any CPU
		{24F46BEC-8110-41F8-ACF9-24CA246CC5D9}.Ad-Hoc|Any CPU.ActiveCfg = Release|Any CPU
		{24F46BEC-8110-41F8-ACF9-24CA246CC5D9}.Ad-Hoc|Any CPU.Build.0 = Release|Any CPU
		{24F46BEC-8110-41F8-ACF9-24CA246CC5D9}.Ad-Hoc|Any CPU.Deploy.0 = Release|Any CPU
		{24F46BEC-8110-41F8-ACF9-24CA246CC5D9}.Ad-Hoc|ARM.ActiveCfg = Release|Any CPU
		{24F46BEC-8110-41F8-ACF9-24CA246CC5D9}.Ad-Hoc|ARM.Build.0 = Release|Any CPU
		{24F46BEC-8110-41F8-ACF9-24CA246CC5D9}.Ad-Hoc|ARM.Deploy.0 = Release|Any CPU
		{24F46BEC-8110-41F8-ACF9-24CA246CC5D9}.Ad-Hoc|iPhone.ActiveCfg = Release|Any CPU
		{24F46BEC-8110-41F8-ACF9-24CA246CC5D9}.Ad-Hoc|iPhone.Build.0 = Release|Any CPU
		{24F46BEC-8110-41F8-ACF9-24CA246CC5D9}.Ad-Hoc|iPhone.Deploy.0 = Release|Any CPU
		{24F46BEC-8110-41F8-ACF9-24CA246CC5D9}.Ad-Hoc|iPhoneSimulator.ActiveCfg = Release|Any CPU
		{24F46BEC-8110-41F8-ACF9-24CA246CC5D9}.Ad-Hoc|iPhoneSimulator.Build.0 = Release|Any CPU
		{24F46BEC-8110-41F8-ACF9-24CA246CC5D9}.Ad-Hoc|iPhoneSimulator.Deploy.0 = Release|Any CPU
		{24F46BEC-8110-41F8-ACF9-24CA246CC5D9}.Ad-Hoc|x86.ActiveCfg = Release|Any CPU
		{24F46BEC-8110-41F8-ACF9-24CA246CC5D9}.Ad-Hoc|x86.Build.0 = Release|Any CPU
		{24F46BEC-8110-41F8-ACF9-24CA246CC5D9}.Ad-Hoc|x86.Deploy.0 = Release|Any CPU
		{24F46BEC-8110-41F8-ACF9-24CA246CC5D9}.AppStore|Any CPU.ActiveCfg = Release|Any CPU
		{24F46BEC-8110-41F8-ACF9-24CA246CC5D9}.AppStore|Any CPU.Build.0 = Release|Any CPU
		{24F46BEC-8110-41F8-ACF9-24CA246CC5D9}.AppStore|Any CPU.Deploy.0 = Release|Any CPU
		{24F46BEC-8110-41F8-ACF9-24CA246CC5D9}.AppStore|ARM.ActiveCfg = Release|Any CPU
		{24F46BEC-8110-41F8-ACF9-24CA246CC5D9}.AppStore|ARM.Build.0 = Release|Any CPU
		{24F46BEC-8110-41F8-ACF9-24CA246CC5D9}.AppStore|ARM.Deploy.0 = Release|Any CPU
		{24F46BEC-8110-41F8-ACF9-24CA246CC5D9}.AppStore|iPhone.ActiveCfg = Release|Any CPU
		{24F46BEC-8110-41F8-ACF9-24CA246CC5D9}.AppStore|iPhone.Build.0 = Release|Any CPU
		{24F46BEC-8110-41F8-ACF9-24CA246CC5D9}.AppStore|iPhone.Deploy.0 = Release|Any CPU
		{24F46BEC-8110-41F8-ACF9-24CA246CC5D9}.AppStore|iPhoneSimulator.ActiveCfg = Release|Any CPU
		{24F46BEC-8110-41F8-ACF9-24CA246CC5D9}.AppStore|iPhoneSimulator.Build.0 = Release|Any CPU
		{24F46BEC-8110-41F8-ACF9-24CA246CC5D9}.AppStore|iPhoneSimulator.Deploy.0 = Release|Any CPU
		{24F46BEC-8110-41F8-ACF9-24CA246CC5D9}.AppStore|x86.ActiveCfg = Release|Any CPU
		{24F46BEC-8110-41F8-ACF9-24CA246CC5D9}.AppStore|x86.Build.0 = Release|Any CPU
		{24F46BEC-8110-41F8-ACF9-24CA246CC5D9}.AppStore|x86.Deploy.0 = Release|Any CPU
		{24F46BEC-8110-41F8-ACF9-24CA246CC5D9}.Debug|Any CPU.ActiveCfg = Debug|Any CPU
		{24F46BEC-8110-41F8-ACF9-24CA246CC5D9}.Debug|Any CPU.Build.0 = Debug|Any CPU
		{24F46BEC-8110-41F8-ACF9-24CA246CC5D9}.Debug|Any CPU.Deploy.0 = Debug|Any CPU
		{24F46BEC-8110-41F8-ACF9-24CA246CC5D9}.Debug|ARM.ActiveCfg = Debug|Any CPU
		{24F46BEC-8110-41F8-ACF9-24CA246CC5D9}.Debug|ARM.Build.0 = Debug|Any CPU
		{24F46BEC-8110-41F8-ACF9-24CA246CC5D9}.Debug|ARM.Deploy.0 = Debug|Any CPU
		{24F46BEC-8110-41F8-ACF9-24CA246CC5D9}.Debug|iPhone.ActiveCfg = Debug|Any CPU
		{24F46BEC-8110-41F8-ACF9-24CA246CC5D9}.Debug|iPhone.Build.0 = Debug|Any CPU
		{24F46BEC-8110-41F8-ACF9-24CA246CC5D9}.Debug|iPhone.Deploy.0 = Debug|Any CPU
		{24F46BEC-8110-41F8-ACF9-24CA246CC5D9}.Debug|iPhoneSimulator.ActiveCfg = Debug|Any CPU
		{24F46BEC-8110-41F8-ACF9-24CA246CC5D9}.Debug|iPhoneSimulator.Build.0 = Debug|Any CPU
		{24F46BEC-8110-41F8-ACF9-24CA246CC5D9}.Debug|iPhoneSimulator.Deploy.0 = Debug|Any CPU
		{24F46BEC-8110-41F8-ACF9-24CA246CC5D9}.Debug|x86.ActiveCfg = Debug|Any CPU
		{24F46BEC-8110-41F8-ACF9-24CA246CC5D9}.Debug|x86.Build.0 = Debug|Any CPU
		{24F46BEC-8110-41F8-ACF9-24CA246CC5D9}.Debug|x86.Deploy.0 = Debug|Any CPU
		{24F46BEC-8110-41F8-ACF9-24CA246CC5D9}.Release|Any CPU.ActiveCfg = Release|Any CPU
		{24F46BEC-8110-41F8-ACF9-24CA246CC5D9}.Release|Any CPU.Build.0 = Release|Any CPU
		{24F46BEC-8110-41F8-ACF9-24CA246CC5D9}.Release|Any CPU.Deploy.0 = Release|Any CPU
		{24F46BEC-8110-41F8-ACF9-24CA246CC5D9}.Release|ARM.ActiveCfg = Release|Any CPU
		{24F46BEC-8110-41F8-ACF9-24CA246CC5D9}.Release|ARM.Build.0 = Release|Any CPU
		{24F46BEC-8110-41F8-ACF9-24CA246CC5D9}.Release|ARM.Deploy.0 = Release|Any CPU
		{24F46BEC-8110-41F8-ACF9-24CA246CC5D9}.Release|iPhone.ActiveCfg = Release|Any CPU
		{24F46BEC-8110-41F8-ACF9-24CA246CC5D9}.Release|iPhone.Build.0 = Release|Any CPU
		{24F46BEC-8110-41F8-ACF9-24CA246CC5D9}.Release|iPhone.Deploy.0 = Release|Any CPU
		{24F46BEC-8110-41F8-ACF9-24CA246CC5D9}.Release|iPhoneSimulator.ActiveCfg = Release|Any CPU
		{24F46BEC-8110-41F8-ACF9-24CA246CC5D9}.Release|iPhoneSimulator.Build.0 = Release|Any CPU
		{24F46BEC-8110-41F8-ACF9-24CA246CC5D9}.Release|iPhoneSimulator.Deploy.0 = Release|Any CPU
		{24F46BEC-8110-41F8-ACF9-24CA246CC5D9}.Release|x86.ActiveCfg = Release|Any CPU
		{24F46BEC-8110-41F8-ACF9-24CA246CC5D9}.Release|x86.Build.0 = Release|Any CPU
		{24F46BEC-8110-41F8-ACF9-24CA246CC5D9}.Release|x86.Deploy.0 = Release|Any CPU
	EndGlobalSection
	GlobalSection(SolutionProperties) = preSolution
		HideSolutionNode = FALSE
	EndGlobalSection
EndGlobal
